
Microsoft Visual Studio Solution File, Format Version 12.00
# Visual Studio 14
VisualStudioVersion = 14.0.23107.0
MinimumVisualStudioVersion = 10.0.40219.1
Project("{2150E333-8FDC-42A3-9474-1A3956D46DE8}") = "Solution Items", "Solution Items", "{5A68263E-A4E6-4DC4-9BA0-CFDC618D0890}"
	ProjectSection(SolutionItems) = preProject
		ConsoleUI\ConsoleUI.nuspec = ConsoleUI\ConsoleUI.nuspec
		README.md = README.md
		ConsoleUI\update-nuget.bat = ConsoleUI\update-nuget.bat
	EndProjectSection
EndProject
Global
	GlobalSection(SolutionProperties) = preSolution
		HideSolutionNode = FALSE
	EndGlobalSection
EndGlobal
